{
  "name": "@malloydata/motly-ts-parser",
  "version": "0.0.1",
  "lockfileVersion": 3,
  "requires": true,
  "packages": {
    "": {
      "name": "@malloydata/motly-ts-parser",
      "version": "0.0.1",
      "license": "MIT",
      "devDependencies": {
        "@types/node": "^25.2.2",
        "motly-ts-interface": "file:../interface",
        "typescript": "^5.0.0"
      }
    },
    "../interface": {
      "name": "motly-ts-interface",
      "version": "0.0.1",
      "dev": true,
      "license": "MIT",
      "devDependencies": {
        "typescript": "^5.0.0"
      }
    },
    "../interface/node_modules/typescript": {
      "version": "5.9.3",
      "dev": true,
      "license": "Apache-2.0",
      "bin": {
        "tsc": "bin/tsc",
        "tsserver": "bin/tsserver"
      },
      "engines": {
        "node": ">=14.17"
      }
    },
    "node_modules/@types/node": {
      "version": "25.2.2",
      "dev": true,
      "license": "MIT",
      "dependencies": {
        "undici-types": "~7.16.0"
      }
    },
    "node_modules/motly-ts-interface": {
      "resolved": "../interface",
      "link": true
    },
    "node_modules/typescript": {
      "version": "5.9.3",
      "dev": true,
      "license": "Apache-2.0",
      "bin": {
        "tsc": "bin/tsc",
        "tsserver": "bin/tsserver"
      },
      "engines": {
        "node": ">=14.17"
      }
    },
    "node_modules/undici-types": {
      "version": "7.16.0",
      "dev": true,
      "license": "MIT"
    }
  }
}
